
Microsoft Visual Studio Solution File, Format Version 12.00
# Visual Studio 2012
Project("{FAE04EC0-301F-11D3-BF4B-00C04F79EFBC}") = "Pathfinder.Web.UI", "Pathfinder.Web.UI\Pathfinder.Web.UI.csproj", "{422BD68C-8C6C-4788-B470-9EFAACFA6044}"
EndProject
Project("{FAE04EC0-301F-11D3-BF4B-00C04F79EFBC}") = "Pathfinder.Domain", "Pathfinder.Domain\Pathfinder.Domain.csproj", "{CC12D821-6169-4CEA-A546-4EFB12F6DD95}"
EndProject
Project("{FAE04EC0-301F-11D3-BF4B-00C04F79EFBC}") = "Pathfinder.Core", "Pathfinder.Core\Pathfinder.Core.csproj", "{53430992-6C99-44A6-9585-53CABCB87965}"
EndProject
Project("{FAE04EC0-301F-11D3-BF4B-00C04F79EFBC}") = "Pathfinder.Bot", "Pathfinder.Bot\Pathfinder.Bot.csproj", "{3804C157-7F4C-42AF-A2A4-5C3B4503C920}"
EndProject
Project("{FAE04EC0-301F-11D3-BF4B-00C04F79EFBC}") = "Pathfinder.Data", "Pathfinder.Data\Pathfinder.Data.csproj", "{668332C1-DC4E-4A12-A218-B6341A172F4A}"
EndProject
Project("{FAE04EC0-301F-11D3-BF4B-00C04F79EFBC}") = "Pathfinder.Console", "Pathfinder.Console\Pathfinder.Console.csproj", "{268D0963-4A8A-4696-A63A-CF1CFC0EBE6E}"
EndProject
Project("{FAE04EC0-301F-11D3-BF4B-00C04F79EFBC}") = "Pathfinder.Engine", "Pathfinder.Engine\Pathfinder.Engine.csproj", "{F485E19E-4E41-40E0-81A6-8E994ED8B152}"
EndProject
Project("{FAE04EC0-301F-11D3-BF4B-00C04F79EFBC}") = "Pathfinder.Security", "Pathfinder.Security\Pathfinder.Security.csproj", "{943F0226-5636-4AF5-89A0-B58333C56C97}"
EndProject
Project("{FAE04EC0-301F-11D3-BF4B-00C04F79EFBC}") = "Pathfinder.Web.Core", "Pathfinder.Web.Core\Pathfinder.Web.Core.csproj", "{D01B948B-D466-43A1-855B-31E154212D73}"
EndProject
Project("{FAE04EC0-301F-11D3-BF4B-00C04F79EFBC}") = "Pathfinder.Data.SqlServer", "Pathfinder.Data.SqlServer\Pathfinder.Data.SqlServer.csproj", "{09541B29-73CC-442F-842B-37246D42CD4A}"
EndProject
Project("{FAE04EC0-301F-11D3-BF4B-00C04F79EFBC}") = "Pathfinder.Bot.Validation", "Pathfinder.Bot.Validation\Pathfinder.Bot.Validation.csproj", "{9B2344F8-5A24-43E0-B8B7-F64391D47DE5}"
EndProject
Project("{FAE04EC0-301F-11D3-BF4B-00C04F79EFBC}") = "Pathfinder.Log", "Pathfinder.Log\Pathfinder.Log.csproj", "{F887F3E8-44D7-4972-8EB3-EEFC39F885A8}"
EndProject
Project("{FAE04EC0-301F-11D3-BF4B-00C04F79EFBC}") = "Pathfinder.Dependency", "Pathfinder.Dependency\Pathfinder.Dependency.csproj", "{3C1BD4A6-432E-4371-B460-8658423C820E}"
EndProject
Project("{FAE04EC0-301F-11D3-BF4B-00C04F79EFBC}") = "Pathfinder.Dependency.CastleWindsor", "Pathfinder.Dependency.CastleWindsor\Pathfinder.Dependency.CastleWindsor.csproj", "{9B7FB31F-7798-4D45-9EB6-25AE00ADAD15}"
EndProject
Global
	GlobalSection(SolutionConfigurationPlatforms) = preSolution
		Debug|Any CPU = Debug|Any CPU
		Release|Any CPU = Release|Any CPU
	EndGlobalSection
	GlobalSection(ProjectConfigurationPlatforms) = postSolution
		{422BD68C-8C6C-4788-B470-9EFAACFA6044}.Debug|Any CPU.ActiveCfg = Debug|Any CPU
		{422BD68C-8C6C-4788-B470-9EFAACFA6044}.Debug|Any CPU.Build.0 = Debug|Any CPU
		{422BD68C-8C6C-4788-B470-9EFAACFA6044}.Release|Any CPU.ActiveCfg = Release|Any CPU
		{422BD68C-8C6C-4788-B470-9EFAACFA6044}.Release|Any CPU.Build.0 = Release|Any CPU
		{CC12D821-6169-4CEA-A546-4EFB12F6DD95}.Debug|Any CPU.ActiveCfg = Debug|Any CPU
		{CC12D821-6169-4CEA-A546-4EFB12F6DD95}.Debug|Any CPU.Build.0 = Debug|Any CPU
		{CC12D821-6169-4CEA-A546-4EFB12F6DD95}.Release|Any CPU.ActiveCfg = Release|Any CPU
		{CC12D821-6169-4CEA-A546-4EFB12F6DD95}.Release|Any CPU.Build.0 = Release|Any CPU
		{53430992-6C99-44A6-9585-53CABCB87965}.Debug|Any CPU.ActiveCfg = Debug|Any CPU
		{53430992-6C99-44A6-9585-53CABCB87965}.Debug|Any CPU.Build.0 = Debug|Any CPU
		{53430992-6C99-44A6-9585-53CABCB87965}.Release|Any CPU.ActiveCfg = Release|Any CPU
		{53430992-6C99-44A6-9585-53CABCB87965}.Release|Any CPU.Build.0 = Release|Any CPU
		{3804C157-7F4C-42AF-A2A4-5C3B4503C920}.Debug|Any CPU.ActiveCfg = Debug|Any CPU
		{3804C157-7F4C-42AF-A2A4-5C3B4503C920}.Debug|Any CPU.Build.0 = Debug|Any CPU
		{3804C157-7F4C-42AF-A2A4-5C3B4503C920}.Release|Any CPU.ActiveCfg = Release|Any CPU
		{3804C157-7F4C-42AF-A2A4-5C3B4503C920}.Release|Any CPU.Build.0 = Release|Any CPU
		{668332C1-DC4E-4A12-A218-B6341A172F4A}.Debug|Any CPU.ActiveCfg = Debug|Any CPU
		{668332C1-DC4E-4A12-A218-B6341A172F4A}.Debug|Any CPU.Build.0 = Debug|Any CPU
		{668332C1-DC4E-4A12-A218-B6341A172F4A}.Release|Any CPU.ActiveCfg = Release|Any CPU
		{668332C1-DC4E-4A12-A218-B6341A172F4A}.Release|Any CPU.Build.0 = Release|Any CPU
		{268D0963-4A8A-4696-A63A-CF1CFC0EBE6E}.Debug|Any CPU.ActiveCfg = Debug|Any CPU
		{268D0963-4A8A-4696-A63A-CF1CFC0EBE6E}.Debug|Any CPU.Build.0 = Debug|Any CPU
		{268D0963-4A8A-4696-A63A-CF1CFC0EBE6E}.Release|Any CPU.ActiveCfg = Release|Any CPU
		{268D0963-4A8A-4696-A63A-CF1CFC0EBE6E}.Release|Any CPU.Build.0 = Release|Any CPU
		{F485E19E-4E41-40E0-81A6-8E994ED8B152}.Debug|Any CPU.ActiveCfg = Debug|Any CPU
		{F485E19E-4E41-40E0-81A6-8E994ED8B152}.Debug|Any CPU.Build.0 = Debug|Any CPU
		{F485E19E-4E41-40E0-81A6-8E994ED8B152}.Release|Any CPU.ActiveCfg = Release|Any CPU
		{F485E19E-4E41-40E0-81A6-8E994ED8B152}.Release|Any CPU.Build.0 = Release|Any CPU
		{943F0226-5636-4AF5-89A0-B58333C56C97}.Debug|Any CPU.ActiveCfg = Debug|Any CPU
		{943F0226-5636-4AF5-89A0-B58333C56C97}.Debug|Any CPU.Build.0 = Debug|Any CPU
		{943F0226-5636-4AF5-89A0-B58333C56C97}.Release|Any CPU.ActiveCfg = Release|Any CPU
		{943F0226-5636-4AF5-89A0-B58333C56C97}.Release|Any CPU.Build.0 = Release|Any CPU
		{D01B948B-D466-43A1-855B-31E154212D73}.Debug|Any CPU.ActiveCfg = Debug|Any CPU
		{D01B948B-D466-43A1-855B-31E154212D73}.Debug|Any CPU.Build.0 = Debug|Any CPU
		{D01B948B-D466-43A1-855B-31E154212D73}.Release|Any CPU.ActiveCfg = Release|Any CPU
		{D01B948B-D466-43A1-855B-31E154212D73}.Release|Any CPU.Build.0 = Release|Any CPU
		{09541B29-73CC-442F-842B-37246D42CD4A}.Debug|Any CPU.ActiveCfg = Debug|Any CPU
		{09541B29-73CC-442F-842B-37246D42CD4A}.Debug|Any CPU.Build.0 = Debug|Any CPU
		{09541B29-73CC-442F-842B-37246D42CD4A}.Release|Any CPU.ActiveCfg = Release|Any CPU
		{09541B29-73CC-442F-842B-37246D42CD4A}.Release|Any CPU.Build.0 = Release|Any CPU
		{9B2344F8-5A24-43E0-B8B7-F64391D47DE5}.Debug|Any CPU.ActiveCfg = Debug|Any CPU
		{9B2344F8-5A24-43E0-B8B7-F64391D47DE5}.Debug|Any CPU.Build.0 = Debug|Any CPU
		{9B2344F8-5A24-43E0-B8B7-F64391D47DE5}.Release|Any CPU.ActiveCfg = Release|Any CPU
		{9B2344F8-5A24-43E0-B8B7-F64391D47DE5}.Release|Any CPU.Build.0 = Release|Any CPU
		{F887F3E8-44D7-4972-8EB3-EEFC39F885A8}.Debug|Any CPU.ActiveCfg = Debug|Any CPU
		{F887F3E8-44D7-4972-8EB3-EEFC39F885A8}.Debug|Any CPU.Build.0 = Debug|Any CPU
		{F887F3E8-44D7-4972-8EB3-EEFC39F885A8}.Release|Any CPU.ActiveCfg = Release|Any CPU
		{F887F3E8-44D7-4972-8EB3-EEFC39F885A8}.Release|Any CPU.Build.0 = Release|Any CPU
		{3C1BD4A6-432E-4371-B460-8658423C820E}.Debug|Any CPU.ActiveCfg = Debug|Any CPU
		{3C1BD4A6-432E-4371-B460-8658423C820E}.Debug|Any CPU.Build.0 = Debug|Any CPU
		{3C1BD4A6-432E-4371-B460-8658423C820E}.Release|Any CPU.ActiveCfg = Release|Any CPU
		{3C1BD4A6-432E-4371-B460-8658423C820E}.Release|Any CPU.Build.0 = Release|Any CPU
		{9B7FB31F-7798-4D45-9EB6-25AE00ADAD15}.Debug|Any CPU.ActiveCfg = Debug|Any CPU
		{9B7FB31F-7798-4D45-9EB6-25AE00ADAD15}.Debug|Any CPU.Build.0 = Debug|Any CPU
		{9B7FB31F-7798-4D45-9EB6-25AE00ADAD15}.Release|Any CPU.ActiveCfg = Release|Any CPU
		{9B7FB31F-7798-4D45-9EB6-25AE00ADAD15}.Release|Any CPU.Build.0 = Release|Any CPU
	EndGlobalSection
	GlobalSection(SolutionProperties) = preSolution
		HideSolutionNode = FALSE
	EndGlobalSection
EndGlobal
